dependencies:
- name: common
  repository: file://helm/common
  version: 1.0.0
- name: auth-server
  repository: file://helm/components/auth-server
  version: 1.0.0
- name: product
  repository: file://helm/components/product
  version: 1.0.0
- name: recommendation
  repository: file://helm/components/recommendation
  version: 1.0.0
- name: review
  repository: file://helm/components/review
  version: 1.0.0
- name: product-composite
  repository: file://helm/components/product-composite
  version: 1.0.0
- name: zipkin-server
  repository: file://helm/components/zipkin-server
  version: 1.0.0
digest: sha256:57e0cc8eab52a5a7ae384ce0c23f920922dd0a7a699be921750da7e94d95c594
generated: "2023-06-09T16:38:18.964483783+09:00"
